{
    "_readme": [
        "This file locks the dependencies of your project to a known state",
        "Read more about it at https://getcomposer.org/doc/01-basic-usage.md#composer-lock-the-lock-file",
        "This file is @generated automatically"
    ],
    "hash": "756e097df3af506780c2ec0d8edba587",
    "content-hash": "fa6d6ecb6a7846e8a2847ab5df020561",
    "packages": [
        {
            "name": "elieldepaula/ci_core",
            "version": "dev-master",
            "source": {
                "type": "git",
                "url": "https://github.com/elieldepaula/ci_core.git",
                "reference": "4eaadb8235cf730c9318998588b7c053471023b7"
            },
            "dist": {
                "type": "zip",
                "url": "https://api.github.com/repos/elieldepaula/ci_core/zipball/4eaadb8235cf730c9318998588b7c053471023b7",
                "reference": "4eaadb8235cf730c9318998588b7c053471023b7",
                "shasum": ""
            },
            "require": {
                "php": ">=5.3.0"
            },
            "type": "package",
            "notification-url": "https://packagist.org/downloads/",
            "license": [
                "MIT"
            ],
            "authors": [
                {
                    "name": "Eliel de Paula",
                    "email": "dev@elieldepaula.com.br"
                }
            ],
            "description": "ci_core is the core of CodeIfniter Framework original from codeigniter.com.",
            "time": "2015-12-07 14:10:20"
        }
    ],
    "packages-dev": [],
    "aliases": [],
    "minimum-stability": "stable",
    "stability-flags": {
        "elieldepaula/ci_core": 20
    },
    "prefer-stable": false,
    "prefer-lowest": false,
    "platform": {
        "php": ">=5.3.0"
    },
    "platform-dev": []
}
